// !$*UTF8*$!
{
	archiveVersion = 1;
	classes = {
	};
	objectVersion = 46;
	objects = {

/* Begin PBXBuildFile section */
		01D635D7159E082000E49063 /* NHUnitIPhoneAppDelegate.m in Sources */ = {isa = PBXBuildFile; fileRef = 01D635D6159E082000E49063 /* NHUnitIPhoneAppDelegate.m */; };
		01D635DA159E0A6600E49063 /* DropboxSDK.framework in Frameworks */ = {isa = PBXBuildFile; fileRef = 01D635D9159E0A6600E49063 /* DropboxSDK.framework */; };
		01D635DB159E0A6600E49063 /* DropboxSDK.framework in Frameworks */ = {isa = PBXBuildFile; fileRef = 01D635D9159E0A6600E49063 /* DropboxSDK.framework */; };
		01D635DD159E0ABF00E49063 /* QuartzCore.framework in Frameworks */ = {isa = PBXBuildFile; fileRef = 01D635DC159E0ABF00E49063 /* QuartzCore.framework */; };
		8827CA5A132571FA00B27E1B /* GHUnitIPhoneTestMain.m in Sources */ = {isa = PBXBuildFile; fileRef = 8827CA57132571FA00B27E1B /* GHUnitIPhoneTestMain.m */; };
		8827CA5B132571FA00B27E1B /* PathControllerTests.m in Sources */ = {isa = PBXBuildFile; fileRef = 8827CA59132571FA00B27E1B /* PathControllerTests.m */; };
		8827CA601325727400B27E1B /* GHUnitIOS.framework in Frameworks */ = {isa = PBXBuildFile; fileRef = 8827CA5F1325727400B27E1B /* GHUnitIOS.framework */; };
		8827CA951325732100B27E1B /* DropboxSync_Prefix.pch in Headers */ = {isa = PBXBuildFile; fileRef = 8827CA941325732100B27E1B /* DropboxSync_Prefix.pch */; };
		8827CA981325732D00B27E1B /* NSFileManager_Additions.m in Sources */ = {isa = PBXBuildFile; fileRef = 8827CA971325732D00B27E1B /* NSFileManager_Additions.m */; };
		8827CA991325732D00B27E1B /* NSFileManager_Additions.h in Headers */ = {isa = PBXBuildFile; fileRef = 8827CA961325732D00B27E1B /* NSFileManager_Additions.h */; };
		8827CA9A1325732D00B27E1B /* NSFileManager_Additions.m in Sources */ = {isa = PBXBuildFile; fileRef = 8827CA971325732D00B27E1B /* NSFileManager_Additions.m */; };
		8827CA9D1325733B00B27E1B /* NSSet_Additions.m in Sources */ = {isa = PBXBuildFile; fileRef = 8827CA9C1325733B00B27E1B /* NSSet_Additions.m */; };
		8827CA9E1325733B00B27E1B /* NSSet_Additions.h in Headers */ = {isa = PBXBuildFile; fileRef = 8827CA9B1325733B00B27E1B /* NSSet_Additions.h */; };
		8827CA9F1325733B00B27E1B /* NSSet_Additions.m in Sources */ = {isa = PBXBuildFile; fileRef = 8827CA9C1325733B00B27E1B /* NSSet_Additions.m */; };
		8827CAA31325734800B27E1B /* PathController.m in Sources */ = {isa = PBXBuildFile; fileRef = 8827CAA11325734800B27E1B /* PathController.m */; };
		8827CAA41325734800B27E1B /* PathController.h in Headers */ = {isa = PBXBuildFile; fileRef = 8827CAA01325734800B27E1B /* PathController.h */; };
		8827CAA51325734800B27E1B /* PathController.m in Sources */ = {isa = PBXBuildFile; fileRef = 8827CAA11325734800B27E1B /* PathController.m */; };
		8827CAA61325734800B27E1B /* PathControllerDelegate.h in Headers */ = {isa = PBXBuildFile; fileRef = 8827CAA21325734800B27E1B /* PathControllerDelegate.h */; };
		8827CAA91325735500B27E1B /* PathMetadata.m in Sources */ = {isa = PBXBuildFile; fileRef = 8827CAA81325735500B27E1B /* PathMetadata.m */; };
		8827CAAA1325735500B27E1B /* PathMetadata.h in Headers */ = {isa = PBXBuildFile; fileRef = 8827CAA71325735500B27E1B /* PathMetadata.h */; };
		8827CAAB1325735500B27E1B /* PathMetadata.m in Sources */ = {isa = PBXBuildFile; fileRef = 8827CAA81325735500B27E1B /* PathMetadata.m */; };
		8827CAAD1325735F00B27E1B /* PathController_Private.h in Headers */ = {isa = PBXBuildFile; fileRef = 8827CAAC1325735F00B27E1B /* PathController_Private.h */; };
		8827CABA1325737900B27E1B /* DeleteLocalPathOperation.m in Sources */ = {isa = PBXBuildFile; fileRef = 8827CAAF1325737900B27E1B /* DeleteLocalPathOperation.m */; };
		8827CABB1325737900B27E1B /* DeletePathOperation.m in Sources */ = {isa = PBXBuildFile; fileRef = 8827CAB11325737900B27E1B /* DeletePathOperation.m */; };
		8827CABC1325737900B27E1B /* FolderSyncPathOperation.m in Sources */ = {isa = PBXBuildFile; fileRef = 8827CAB31325737900B27E1B /* FolderSyncPathOperation.m */; };
		8827CABD1325737900B27E1B /* GetPathOperation.m in Sources */ = {isa = PBXBuildFile; fileRef = 8827CAB51325737900B27E1B /* GetPathOperation.m */; };
		8827CABE1325737900B27E1B /* PathOperation.m in Sources */ = {isa = PBXBuildFile; fileRef = 8827CAB71325737900B27E1B /* PathOperation.m */; };
		8827CABF1325737900B27E1B /* PutPathOperation.m in Sources */ = {isa = PBXBuildFile; fileRef = 8827CAB91325737900B27E1B /* PutPathOperation.m */; };
		8827CAC01325737900B27E1B /* DeleteLocalPathOperation.h in Headers */ = {isa = PBXBuildFile; fileRef = 8827CAAE1325737900B27E1B /* DeleteLocalPathOperation.h */; };
		8827CAC11325737900B27E1B /* DeleteLocalPathOperation.m in Sources */ = {isa = PBXBuildFile; fileRef = 8827CAAF1325737900B27E1B /* DeleteLocalPathOperation.m */; };
		8827CAC21325737900B27E1B /* DeletePathOperation.h in Headers */ = {isa = PBXBuildFile; fileRef = 8827CAB01325737900B27E1B /* DeletePathOperation.h */; };
		8827CAC31325737900B27E1B /* DeletePathOperation.m in Sources */ = {isa = PBXBuildFile; fileRef = 8827CAB11325737900B27E1B /* DeletePathOperation.m */; };
		8827CAC41325737900B27E1B /* FolderSyncPathOperation.h in Headers */ = {isa = PBXBuildFile; fileRef = 8827CAB21325737900B27E1B /* FolderSyncPathOperation.h */; };
		8827CAC51325737900B27E1B /* FolderSyncPathOperation.m in Sources */ = {isa = PBXBuildFile; fileRef = 8827CAB31325737900B27E1B /* FolderSyncPathOperation.m */; };
		8827CAC61325737900B27E1B /* GetPathOperation.h in Headers */ = {isa = PBXBuildFile; fileRef = 8827CAB41325737900B27E1B /* GetPathOperation.h */; };
		8827CAC71325737900B27E1B /* GetPathOperation.m in Sources */ = {isa = PBXBuildFile; fileRef = 8827CAB51325737900B27E1B /* GetPathOperation.m */; };
		8827CAC81325737900B27E1B /* PathOperation.h in Headers */ = {isa = PBXBuildFile; fileRef = 8827CAB61325737900B27E1B /* PathOperation.h */; };
		8827CAC91325737900B27E1B /* PathOperation.m in Sources */ = {isa = PBXBuildFile; fileRef = 8827CAB71325737900B27E1B /* PathOperation.m */; };
		8827CACA1325737900B27E1B /* PutPathOperation.h in Headers */ = {isa = PBXBuildFile; fileRef = 8827CAB81325737900B27E1B /* PutPathOperation.h */; };
		8827CACB1325737900B27E1B /* PutPathOperation.m in Sources */ = {isa = PBXBuildFile; fileRef = 8827CAB91325737900B27E1B /* PutPathOperation.m */; };
		8827CADC132573FF00B27E1B /* PathMetadata.xcdatamodeld in Sources */ = {isa = PBXBuildFile; fileRef = 8827CADA132573FF00B27E1B /* PathMetadata.xcdatamodeld */; };
		8827CADD132573FF00B27E1B /* PathMetadata.xcdatamodeld in Sources */ = {isa = PBXBuildFile; fileRef = 8827CADA132573FF00B27E1B /* PathMetadata.xcdatamodeld */; };
		AACBBE4A0F95108600F1A2B1 /* Foundation.framework in Frameworks */ = {isa = PBXBuildFile; fileRef = AACBBE490F95108600F1A2B1 /* Foundation.framework */; };
		C5715E27131E5E79009F7BC9 /* CoreGraphics.framework in Frameworks */ = {isa = PBXBuildFile; fileRef = C5715E26131E5E79009F7BC9 /* CoreGraphics.framework */; };
		C5715EB7131E5F80009F7BC9 /* UIKit.framework in Frameworks */ = {isa = PBXBuildFile; fileRef = C5715EB6131E5F80009F7BC9 /* UIKit.framework */; };
		C5929FDA13221CD4002CA1B4 /* AddressBook.framework in Frameworks */ = {isa = PBXBuildFile; fileRef = C5929FD713221CD4002CA1B4 /* AddressBook.framework */; };
		C5929FDB13221CD4002CA1B4 /* AddressBookUI.framework in Frameworks */ = {isa = PBXBuildFile; fileRef = C5929FD813221CD4002CA1B4 /* AddressBookUI.framework */; };
		C5929FDC13221CD4002CA1B4 /* AudioToolbox.framework in Frameworks */ = {isa = PBXBuildFile; fileRef = C5929FD913221CD4002CA1B4 /* AudioToolbox.framework */; };
		C5929FFC13221CE0002CA1B4 /* AddressBook.framework in Frameworks */ = {isa = PBXBuildFile; fileRef = C5929FD713221CD4002CA1B4 /* AddressBook.framework */; };
		C5929FFD13221CE0002CA1B4 /* AddressBookUI.framework in Frameworks */ = {isa = PBXBuildFile; fileRef = C5929FD813221CD4002CA1B4 /* AddressBookUI.framework */; };
		C5929FFE13221CE0002CA1B4 /* AudioToolbox.framework in Frameworks */ = {isa = PBXBuildFile; fileRef = C5929FD913221CD4002CA1B4 /* AudioToolbox.framework */; };
		C5ACA6921320D12B000502D1 /* UIKit.framework in Frameworks */ = {isa = PBXBuildFile; fileRef = C5715EB6131E5F80009F7BC9 /* UIKit.framework */; };
		C5ACA6931320D12B000502D1 /* CoreGraphics.framework in Frameworks */ = {isa = PBXBuildFile; fileRef = C5715E26131E5E79009F7BC9 /* CoreGraphics.framework */; };
		C5ACA6941320D12B000502D1 /* Foundation.framework in Frameworks */ = {isa = PBXBuildFile; fileRef = AACBBE490F95108600F1A2B1 /* Foundation.framework */; };
		C5ACA7631320D39B000502D1 /* CoreData.framework in Frameworks */ = {isa = PBXBuildFile; fileRef = C5ACA7611320D39B000502D1 /* CoreData.framework */; };
		C5ACA7641320D39B000502D1 /* Security.framework in Frameworks */ = {isa = PBXBuildFile; fileRef = C5ACA7621320D39B000502D1 /* Security.framework */; };
		C5ACA78E1320D3B1000502D1 /* CoreData.framework in Frameworks */ = {isa = PBXBuildFile; fileRef = C5ACA7611320D39B000502D1 /* CoreData.framework */; };
		C5ACA78F1320D3B1000502D1 /* Security.framework in Frameworks */ = {isa = PBXBuildFile; fileRef = C5ACA7621320D39B000502D1 /* Security.framework */; };
		C5ACA7961320D3D6000502D1 /* libicucore.dylib in Frameworks */ = {isa = PBXBuildFile; fileRef = C5ACA7951320D3D6000502D1 /* libicucore.dylib */; };
		C5ACA7991320D3F8000502D1 /* libicucore.dylib in Frameworks */ = {isa = PBXBuildFile; fileRef = C5ACA7951320D3D6000502D1 /* libicucore.dylib */; };
		C5ACA7C21320D431000502D1 /* SystemConfiguration.framework in Frameworks */ = {isa = PBXBuildFile; fileRef = C5ACA7C11320D431000502D1 /* SystemConfiguration.framework */; };
		C5ACA7D71320D43C000502D1 /* SystemConfiguration.framework in Frameworks */ = {isa = PBXBuildFile; fileRef = C5ACA7C11320D431000502D1 /* SystemConfiguration.framework */; };
/* End PBXBuildFile section */

/* Begin PBXFileReference section */
		01D635D5159E082000E49063 /* NHUnitIPhoneAppDelegate.h */ = {isa = PBXFileReference; fileEncoding = 4; lastKnownFileType = sourcecode.c.h; path = NHUnitIPhoneAppDelegate.h; sourceTree = "<group>"; };
		01D635D6159E082000E49063 /* NHUnitIPhoneAppDelegate.m */ = {isa = PBXFileReference; fileEncoding = 4; lastKnownFileType = sourcecode.c.objc; path = NHUnitIPhoneAppDelegate.m; sourceTree = "<group>"; };
		01D635D9159E0A6600E49063 /* DropboxSDK.framework */ = {isa = PBXFileReference; lastKnownFileType = wrapper.framework; path = DropboxSDK.framework; sourceTree = "<group>"; };
		01D635DC159E0ABF00E49063 /* QuartzCore.framework */ = {isa = PBXFileReference; lastKnownFileType = wrapper.framework; name = QuartzCore.framework; path = System/Library/Frameworks/QuartzCore.framework; sourceTree = SDKROOT; };
		8827C8D4132558FA00B27E1B /* README.markdown */ = {isa = PBXFileReference; fileEncoding = 4; lastKnownFileType = text; path = README.markdown; sourceTree = "<group>"; };
		8827CA57132571FA00B27E1B /* GHUnitIPhoneTestMain.m */ = {isa = PBXFileReference; fileEncoding = 4; lastKnownFileType = sourcecode.c.objc; name = GHUnitIPhoneTestMain.m; path = Tests/GHUnitIPhoneTestMain.m; sourceTree = "<group>"; };
		8827CA58132571FA00B27E1B /* PathControllerTests.h */ = {isa = PBXFileReference; fileEncoding = 4; lastKnownFileType = sourcecode.c.h; name = PathControllerTests.h; path = Tests/PathControllerTests.h; sourceTree = "<group>"; };
		8827CA59132571FA00B27E1B /* PathControllerTests.m */ = {isa = PBXFileReference; fileEncoding = 4; lastKnownFileType = sourcecode.c.objc; name = PathControllerTests.m; path = Tests/PathControllerTests.m; sourceTree = "<group>"; };
		8827CA5C1325720300B27E1B /* Tests-Info.plist */ = {isa = PBXFileReference; fileEncoding = 4; lastKnownFileType = text.plist.xml; name = "Tests-Info.plist"; path = "Tests/Tests-Info.plist"; sourceTree = "<group>"; };
		8827CA5F1325727400B27E1B /* GHUnitIOS.framework */ = {isa = PBXFileReference; lastKnownFileType = wrapper.framework; name = GHUnitIOS.framework; path = Tests/GHUnitIOS.framework; sourceTree = "<group>"; };
		8827CA941325732100B27E1B /* DropboxSync_Prefix.pch */ = {isa = PBXFileReference; fileEncoding = 4; lastKnownFileType = sourcecode.c.h; name = DropboxSync_Prefix.pch; path = Source/DropboxSync_Prefix.pch; sourceTree = "<group>"; };
		8827CA961325732D00B27E1B /* NSFileManager_Additions.h */ = {isa = PBXFileReference; fileEncoding = 4; lastKnownFileType = sourcecode.c.h; name = NSFileManager_Additions.h; path = Source/NSFileManager_Additions.h; sourceTree = "<group>"; };
		8827CA971325732D00B27E1B /* NSFileManager_Additions.m */ = {isa = PBXFileReference; fileEncoding = 4; lastKnownFileType = sourcecode.c.objc; name = NSFileManager_Additions.m; path = Source/NSFileManager_Additions.m; sourceTree = "<group>"; };
		8827CA9B1325733B00B27E1B /* NSSet_Additions.h */ = {isa = PBXFileReference; fileEncoding = 4; lastKnownFileType = sourcecode.c.h; name = NSSet_Additions.h; path = Source/NSSet_Additions.h; sourceTree = "<group>"; };
		8827CA9C1325733B00B27E1B /* NSSet_Additions.m */ = {isa = PBXFileReference; fileEncoding = 4; lastKnownFileType = sourcecode.c.objc; name = NSSet_Additions.m; path = Source/NSSet_Additions.m; sourceTree = "<group>"; };
		8827CAA01325734800B27E1B /* PathController.h */ = {isa = PBXFileReference; fileEncoding = 4; lastKnownFileType = sourcecode.c.h; name = PathController.h; path = Source/PathController.h; sourceTree = "<group>"; };
		8827CAA11325734800B27E1B /* PathController.m */ = {isa = PBXFileReference; fileEncoding = 4; lastKnownFileType = sourcecode.c.objc; name = PathController.m; path = Source/PathController.m; sourceTree = "<group>"; };
		8827CAA21325734800B27E1B /* PathControllerDelegate.h */ = {isa = PBXFileReference; fileEncoding = 4; lastKnownFileType = sourcecode.c.h; name = PathControllerDelegate.h; path = Source/PathControllerDelegate.h; sourceTree = "<group>"; };
		8827CAA71325735500B27E1B /* PathMetadata.h */ = {isa = PBXFileReference; fileEncoding = 4; lastKnownFileType = sourcecode.c.h; name = PathMetadata.h; path = Source/PathMetadata.h; sourceTree = "<group>"; };
		8827CAA81325735500B27E1B /* PathMetadata.m */ = {isa = PBXFileReference; fileEncoding = 4; lastKnownFileType = sourcecode.c.objc; name = PathMetadata.m; path = Source/PathMetadata.m; sourceTree = "<group>"; };
		8827CAAC1325735F00B27E1B /* PathController_Private.h */ = {isa = PBXFileReference; fileEncoding = 4; lastKnownFileType = sourcecode.c.h; name = PathController_Private.h; path = Source/PathController_Private.h; sourceTree = "<group>"; };
		8827CAAE1325737900B27E1B /* DeleteLocalPathOperation.h */ = {isa = PBXFileReference; fileEncoding = 4; lastKnownFileType = sourcecode.c.h; name = DeleteLocalPathOperation.h; path = Source/DeleteLocalPathOperation.h; sourceTree = "<group>"; };
		8827CAAF1325737900B27E1B /* DeleteLocalPathOperation.m */ = {isa = PBXFileReference; fileEncoding = 4; lastKnownFileType = sourcecode.c.objc; name = DeleteLocalPathOperation.m; path = Source/DeleteLocalPathOperation.m; sourceTree = "<group>"; };
		8827CAB01325737900B27E1B /* DeletePathOperation.h */ = {isa = PBXFileReference; fileEncoding = 4; lastKnownFileType = sourcecode.c.h; name = DeletePathOperation.h; path = Source/DeletePathOperation.h; sourceTree = "<group>"; };
		8827CAB11325737900B27E1B /* DeletePathOperation.m */ = {isa = PBXFileReference; fileEncoding = 4; lastKnownFileType = sourcecode.c.objc; name = DeletePathOperation.m; path = Source/DeletePathOperation.m; sourceTree = "<group>"; };
		8827CAB21325737900B27E1B /* FolderSyncPathOperation.h */ = {isa = PBXFileReference; fileEncoding = 4; lastKnownFileType = sourcecode.c.h; name = FolderSyncPathOperation.h; path = Source/FolderSyncPathOperation.h; sourceTree = "<group>"; };
		8827CAB31325737900B27E1B /* FolderSyncPathOperation.m */ = {isa = PBXFileReference; fileEncoding = 4; lastKnownFileType = sourcecode.c.objc; name = FolderSyncPathOperation.m; path = Source/FolderSyncPathOperation.m; sourceTree = "<group>"; };
		8827CAB41325737900B27E1B /* GetPathOperation.h */ = {isa = PBXFileReference; fileEncoding = 4; lastKnownFileType = sourcecode.c.h; name = GetPathOperation.h; path = Source/GetPathOperation.h; sourceTree = "<group>"; };
		8827CAB51325737900B27E1B /* GetPathOperation.m */ = {isa = PBXFileReference; fileEncoding = 4; lastKnownFileType = sourcecode.c.objc; name = GetPathOperation.m; path = Source/GetPathOperation.m; sourceTree = "<group>"; };
		8827CAB61325737900B27E1B /* PathOperation.h */ = {isa = PBXFileReference; fileEncoding = 4; lastKnownFileType = sourcecode.c.h; name = PathOperation.h; path = Source/PathOperation.h; sourceTree = "<group>"; };
		8827CAB71325737900B27E1B /* PathOperation.m */ = {isa = PBXFileReference; fileEncoding = 4; lastKnownFileType = sourcecode.c.objc; name = PathOperation.m; path = Source/PathOperation.m; sourceTree = "<group>"; };
		8827CAB81325737900B27E1B /* PutPathOperation.h */ = {isa = PBXFileReference; fileEncoding = 4; lastKnownFileType = sourcecode.c.h; name = PutPathOperation.h; path = Source/PutPathOperation.h; sourceTree = "<group>"; };
		8827CAB91325737900B27E1B /* PutPathOperation.m */ = {isa = PBXFileReference; fileEncoding = 4; lastKnownFileType = sourcecode.c.objc; name = PutPathOperation.m; path = Source/PutPathOperation.m; sourceTree = "<group>"; };
		8827CADB132573FF00B27E1B /* PathMetadata.xcdatamodel */ = {isa = PBXFileReference; fileEncoding = 4; lastKnownFileType = wrapper.xcdatamodel; path = PathMetadata.xcdatamodel; sourceTree = "<group>"; };
		AACBBE490F95108600F1A2B1 /* Foundation.framework */ = {isa = PBXFileReference; lastKnownFileType = wrapper.framework; name = Foundation.framework; path = System/Library/Frameworks/Foundation.framework; sourceTree = SDKROOT; };
		C5715E26131E5E79009F7BC9 /* CoreGraphics.framework */ = {isa = PBXFileReference; lastKnownFileType = wrapper.framework; name = CoreGraphics.framework; path = System/Library/Frameworks/CoreGraphics.framework; sourceTree = SDKROOT; };
		C5715EB6131E5F80009F7BC9 /* UIKit.framework */ = {isa = PBXFileReference; lastKnownFileType = wrapper.framework; name = UIKit.framework; path = System/Library/Frameworks/UIKit.framework; sourceTree = SDKROOT; };
		C5929FD713221CD4002CA1B4 /* AddressBook.framework */ = {isa = PBXFileReference; lastKnownFileType = wrapper.framework; name = AddressBook.framework; path = System/Library/Frameworks/AddressBook.framework; sourceTree = SDKROOT; };
		C5929FD813221CD4002CA1B4 /* AddressBookUI.framework */ = {isa = PBXFileReference; lastKnownFileType = wrapper.framework; name = AddressBookUI.framework; path = System/Library/Frameworks/AddressBookUI.framework; sourceTree = SDKROOT; };
		C5929FD913221CD4002CA1B4 /* AudioToolbox.framework */ = {isa = PBXFileReference; lastKnownFileType = wrapper.framework; name = AudioToolbox.framework; path = System/Library/Frameworks/AudioToolbox.framework; sourceTree = SDKROOT; };
		C5ACA5AD1320D0F5000502D1 /* Tests.app */ = {isa = PBXFileReference; explicitFileType = wrapper.application; includeInIndex = 0; path = Tests.app; sourceTree = BUILT_PRODUCTS_DIR; };
		C5ACA7611320D39B000502D1 /* CoreData.framework */ = {isa = PBXFileReference; lastKnownFileType = wrapper.framework; name = CoreData.framework; path = System/Library/Frameworks/CoreData.framework; sourceTree = SDKROOT; };
		C5ACA7621320D39B000502D1 /* Security.framework */ = {isa = PBXFileReference; lastKnownFileType = wrapper.framework; name = Security.framework; path = System/Library/Frameworks/Security.framework; sourceTree = SDKROOT; };
		C5ACA7951320D3D6000502D1 /* libicucore.dylib */ = {isa = PBXFileReference; lastKnownFileType = "compiled.mach-o.dylib"; name = libicucore.dylib; path = usr/lib/libicucore.dylib; sourceTree = SDKROOT; };
		C5ACA7C11320D431000502D1 /* SystemConfiguration.framework */ = {isa = PBXFileReference; lastKnownFileType = wrapper.framework; name = SystemConfiguration.framework; path = System/Library/Frameworks/SystemConfiguration.framework; sourceTree = SDKROOT; };
		D2AAC07E0554694100DB518D /* libDropboxSync.a */ = {isa = PBXFileReference; explicitFileType = archive.ar; includeInIndex = 0; path = libDropboxSync.a; sourceTree = BUILT_PRODUCTS_DIR; };
/* End PBXFileReference section */

/* Begin PBXFrameworksBuildPhase section */
		C5ACA5AB1320D0F5000502D1 /* Frameworks */ = {
			isa = PBXFrameworksBuildPhase;
			buildActionMask = 2147483647;
			files = (
				01D635DD159E0ABF00E49063 /* QuartzCore.framework in Frameworks */,
				C5929FFC13221CE0002CA1B4 /* AddressBook.framework in Frameworks */,
				C5929FFD13221CE0002CA1B4 /* AddressBookUI.framework in Frameworks */,
				C5929FFE13221CE0002CA1B4 /* AudioToolbox.framework in Frameworks */,
				C5ACA7D71320D43C000502D1 /* SystemConfiguration.framework in Frameworks */,
				C5ACA7991320D3F8000502D1 /* libicucore.dylib in Frameworks */,
				C5ACA78E1320D3B1000502D1 /* CoreData.framework in Frameworks */,
				C5ACA78F1320D3B1000502D1 /* Security.framework in Frameworks */,
				C5ACA6921320D12B000502D1 /* UIKit.framework in Frameworks */,
				C5ACA6931320D12B000502D1 /* CoreGraphics.framework in Frameworks */,
				C5ACA6941320D12B000502D1 /* Foundation.framework in Frameworks */,
				8827CA601325727400B27E1B /* GHUnitIOS.framework in Frameworks */,
				01D635DB159E0A6600E49063 /* DropboxSDK.framework in Frameworks */,
			);
			runOnlyForDeploymentPostprocessing = 0;
		};
		D2AAC07C0554694100DB518D /* Frameworks */ = {
			isa = PBXFrameworksBuildPhase;
			buildActionMask = 2147483647;
			files = (
				AACBBE4A0F95108600F1A2B1 /* Foundation.framework in Frameworks */,
				C5715E27131E5E79009F7BC9 /* CoreGraphics.framework in Frameworks */,
				C5715EB7131E5F80009F7BC9 /* UIKit.framework in Frameworks */,
				C5ACA7631320D39B000502D1 /* CoreData.framework in Frameworks */,
				C5ACA7641320D39B000502D1 /* Security.framework in Frameworks */,
				C5ACA7961320D3D6000502D1 /* libicucore.dylib in Frameworks */,
				C5ACA7C21320D431000502D1 /* SystemConfiguration.framework in Frameworks */,
				C5929FDA13221CD4002CA1B4 /* AddressBook.framework in Frameworks */,
				C5929FDB13221CD4002CA1B4 /* AddressBookUI.framework in Frameworks */,
				C5929FDC13221CD4002CA1B4 /* AudioToolbox.framework in Frameworks */,
				01D635DA159E0A6600E49063 /* DropboxSDK.framework in Frameworks */,
			);
			runOnlyForDeploymentPostprocessing = 0;
		};
/* End PBXFrameworksBuildPhase section */

/* Begin PBXGroup section */
		034768DFFF38A50411DB9C8B /* Products */ = {
			isa = PBXGroup;
			children = (
				D2AAC07E0554694100DB518D /* libDropboxSync.a */,
				C5ACA5AD1320D0F5000502D1 /* Tests.app */,
			);
			name = Products;
			sourceTree = "<group>";
		};
		0867D691FE84028FC02AAC07 /* DropboxLib */ = {
			isa = PBXGroup;
			children = (
				01D635DC159E0ABF00E49063 /* QuartzCore.framework */,
				8827C8D4132558FA00B27E1B /* README.markdown */,
				08FB77AEFE84172EC02AAC07 /* Classes */,
				32C88DFF0371C24200C91783 /* Other Sources */,
				8827C80A1325375900B27E1B /* Tests */,
				C592A09113222205002CA1B4 /* Resources */,
				0867D69AFE84028FC02AAC07 /* Frameworks */,
				034768DFFF38A50411DB9C8B /* Products */,
			);
			name = DropboxLib;
			sourceTree = "<group>";
		};
		0867D69AFE84028FC02AAC07 /* Frameworks */ = {
			isa = PBXGroup;
			children = (
				01D635D9159E0A6600E49063 /* DropboxSDK.framework */,
				8827CA5F1325727400B27E1B /* GHUnitIOS.framework */,
				C5715EB6131E5F80009F7BC9 /* UIKit.framework */,
				C5715E26131E5E79009F7BC9 /* CoreGraphics.framework */,
				AACBBE490F95108600F1A2B1 /* Foundation.framework */,
				C5ACA7951320D3D6000502D1 /* libicucore.dylib */,
				C5929FD713221CD4002CA1B4 /* AddressBook.framework */,
				C5929FD813221CD4002CA1B4 /* AddressBookUI.framework */,
				C5929FD913221CD4002CA1B4 /* AudioToolbox.framework */,
				C5ACA7C11320D431000502D1 /* SystemConfiguration.framework */,
				C5ACA7611320D39B000502D1 /* CoreData.framework */,
				C5ACA7621320D39B000502D1 /* Security.framework */,
			);
			name = Frameworks;
			sourceTree = "<group>";
		};
		08FB77AEFE84172EC02AAC07 /* Classes */ = {
			isa = PBXGroup;
			children = (
				8827CAA01325734800B27E1B /* PathController.h */,
				8827CAA11325734800B27E1B /* PathController.m */,
				8827CAA21325734800B27E1B /* PathControllerDelegate.h */,
				8827C859132546CE00B27E1B /* Implementation */,
			);
			name = Classes;
			sourceTree = "<group>";
		};
		32C88DFF0371C24200C91783 /* Other Sources */ = {
			isa = PBXGroup;
			children = (
				8827CA941325732100B27E1B /* DropboxSync_Prefix.pch */,
			);
			name = "Other Sources";
			sourceTree = "<group>";
		};
		8827C8091325372200B27E1B /* Path Operations */ = {
			isa = PBXGroup;
			children = (
				8827CAAE1325737900B27E1B /* DeleteLocalPathOperation.h */,
				8827CAAF1325737900B27E1B /* DeleteLocalPathOperation.m */,
				8827CAB01325737900B27E1B /* DeletePathOperation.h */,
				8827CAB11325737900B27E1B /* DeletePathOperation.m */,
				8827CAB21325737900B27E1B /* FolderSyncPathOperation.h */,
				8827CAB31325737900B27E1B /* FolderSyncPathOperation.m */,
				8827CAB41325737900B27E1B /* GetPathOperation.h */,
				8827CAB51325737900B27E1B /* GetPathOperation.m */,
				8827CAB61325737900B27E1B /* PathOperation.h */,
				8827CAB71325737900B27E1B /* PathOperation.m */,
				8827CAB81325737900B27E1B /* PutPathOperation.h */,
				8827CAB91325737900B27E1B /* PutPathOperation.m */,
			);
			name = "Path Operations";
			sourceTree = "<group>";
		};
		8827C80A1325375900B27E1B /* Tests */ = {
			isa = PBXGroup;
			children = (
				8827CA57132571FA00B27E1B /* GHUnitIPhoneTestMain.m */,
				8827CA58132571FA00B27E1B /* PathControllerTests.h */,
				8827CA59132571FA00B27E1B /* PathControllerTests.m */,
				8827CA5C1325720300B27E1B /* Tests-Info.plist */,
				01D635D5159E082000E49063 /* NHUnitIPhoneAppDelegate.h */,
				01D635D6159E082000E49063 /* NHUnitIPhoneAppDelegate.m */,
			);
			name = Tests;
			sourceTree = "<group>";
		};
		8827C859132546CE00B27E1B /* Implementation */ = {
			isa = PBXGroup;
			children = (
				8827CAA71325735500B27E1B /* PathMetadata.h */,
				8827CAA81325735500B27E1B /* PathMetadata.m */,
				8827CAAC1325735F00B27E1B /* PathController_Private.h */,
				8827C8091325372200B27E1B /* Path Operations */,
				C5715F27131E5FD8009F7BC9 /* Utils */,
			);
			name = Implementation;
			sourceTree = "<group>";
		};
		C5715F27131E5FD8009F7BC9 /* Utils */ = {
			isa = PBXGroup;
			children = (
				8827CA9B1325733B00B27E1B /* NSSet_Additions.h */,
				8827CA9C1325733B00B27E1B /* NSSet_Additions.m */,
				8827CA961325732D00B27E1B /* NSFileManager_Additions.h */,
				8827CA971325732D00B27E1B /* NSFileManager_Additions.m */,
			);
			name = Utils;
			sourceTree = "<group>";
		};
		C592A09113222205002CA1B4 /* Resources */ = {
			isa = PBXGroup;
			children = (
				8827CADA132573FF00B27E1B /* PathMetadata.xcdatamodeld */,
			);
			name = Resources;
			sourceTree = "<group>";
		};
/* End PBXGroup section */

/* Begin PBXHeadersBuildPhase section */
		D2AAC07A0554694100DB518D /* Headers */ = {
			isa = PBXHeadersBuildPhase;
			buildActionMask = 2147483647;
			files = (
				8827CA951325732100B27E1B /* DropboxSync_Prefix.pch in Headers */,
				8827CA991325732D00B27E1B /* NSFileManager_Additions.h in Headers */,
				8827CA9E1325733B00B27E1B /* NSSet_Additions.h in Headers */,
				8827CAA41325734800B27E1B /* PathController.h in Headers */,
				8827CAA61325734800B27E1B /* PathControllerDelegate.h in Headers */,
				8827CAAA1325735500B27E1B /* PathMetadata.h in Headers */,
				8827CAAD1325735F00B27E1B /* PathController_Private.h in Headers */,
				8827CAC01325737900B27E1B /* DeleteLocalPathOperation.h in Headers */,
				8827CAC21325737900B27E1B /* DeletePathOperation.h in Headers */,
				8827CAC41325737900B27E1B /* FolderSyncPathOperation.h in Headers */,
				8827CAC61325737900B27E1B /* GetPathOperation.h in Headers */,
				8827CAC81325737900B27E1B /* PathOperation.h in Headers */,
				8827CACA1325737900B27E1B /* PutPathOperation.h in Headers */,
			);
			runOnlyForDeploymentPostprocessing = 0;
		};
/* End PBXHeadersBuildPhase section */

/* Begin PBXNativeTarget section */
		C5ACA5AC1320D0F5000502D1 /* Tests */ = {
			isa = PBXNativeTarget;
			buildConfigurationList = C5ACA5B21320D113000502D1 /* Build configuration list for PBXNativeTarget "Tests" */;
			buildPhases = (
				C5ACA5A91320D0F5000502D1 /* Resources */,
				C5ACA5AA1320D0F5000502D1 /* Sources */,
				C5ACA5AB1320D0F5000502D1 /* Frameworks */,
			);
			buildRules = (
			);
			dependencies = (
			);
			name = Tests;
			productName = Tests;
			productReference = C5ACA5AD1320D0F5000502D1 /* Tests.app */;
			productType = "com.apple.product-type.application";
		};
		D2AAC07D0554694100DB518D /* DropboxSync */ = {
			isa = PBXNativeTarget;
			buildConfigurationList = 1DEB921E08733DC00010E9CD /* Build configuration list for PBXNativeTarget "DropboxSync" */;
			buildPhases = (
				D2AAC07A0554694100DB518D /* Headers */,
				D2AAC07B0554694100DB518D /* Sources */,
				D2AAC07C0554694100DB518D /* Frameworks */,
			);
			buildRules = (
			);
			dependencies = (
			);
			name = DropboxSync;
			productName = DropboxLib;
			productReference = D2AAC07E0554694100DB518D /* libDropboxSync.a */;
			productType = "com.apple.product-type.library.static";
		};
/* End PBXNativeTarget section */

/* Begin PBXProject section */
		0867D690FE84028FC02AAC07 /* Project object */ = {
			isa = PBXProject;
			attributes = {
				LastUpgradeCheck = 0430;
			};
			buildConfigurationList = 1DEB922208733DC00010E9CD /* Build configuration list for PBXProject "DropboxSync" */;
			compatibilityVersion = "Xcode 3.2";
			developmentRegion = English;
			hasScannedForEncodings = 1;
			knownRegions = (
				English,
				Japanese,
				French,
				German,
			);
			mainGroup = 0867D691FE84028FC02AAC07 /* DropboxLib */;
			productRefGroup = 034768DFFF38A50411DB9C8B /* Products */;
			projectDirPath = "";
			projectRoot = "";
			targets = (
				D2AAC07D0554694100DB518D /* DropboxSync */,
				C5ACA5AC1320D0F5000502D1 /* Tests */,
			);
		};
/* End PBXProject section */

/* Begin PBXResourcesBuildPhase section */
		C5ACA5A91320D0F5000502D1 /* Resources */ = {
			isa = PBXResourcesBuildPhase;
			buildActionMask = 2147483647;
			files = (
			);
			runOnlyForDeploymentPostprocessing = 0;
		};
/* End PBXResourcesBuildPhase section */

/* Begin PBXSourcesBuildPhase section */
		C5ACA5AA1320D0F5000502D1 /* Sources */ = {
			isa = PBXSourcesBuildPhase;
			buildActionMask = 2147483647;
			files = (
				8827CA5A132571FA00B27E1B /* GHUnitIPhoneTestMain.m in Sources */,
				8827CA5B132571FA00B27E1B /* PathControllerTests.m in Sources */,
				8827CA981325732D00B27E1B /* NSFileManager_Additions.m in Sources */,
				8827CA9D1325733B00B27E1B /* NSSet_Additions.m in Sources */,
				8827CAA31325734800B27E1B /* PathController.m in Sources */,
				8827CAA91325735500B27E1B /* PathMetadata.m in Sources */,
				8827CABA1325737900B27E1B /* DeleteLocalPathOperation.m in Sources */,
				8827CABB1325737900B27E1B /* DeletePathOperation.m in Sources */,
				8827CABC1325737900B27E1B /* FolderSyncPathOperation.m in Sources */,
				8827CABD1325737900B27E1B /* GetPathOperation.m in Sources */,
				8827CABE1325737900B27E1B /* PathOperation.m in Sources */,
				8827CABF1325737900B27E1B /* PutPathOperation.m in Sources */,
				8827CADC132573FF00B27E1B /* PathMetadata.xcdatamodeld in Sources */,
				01D635D7159E082000E49063 /* NHUnitIPhoneAppDelegate.m in Sources */,
			);
			runOnlyForDeploymentPostprocessing = 0;
		};
		D2AAC07B0554694100DB518D /* Sources */ = {
			isa = PBXSourcesBuildPhase;
			buildActionMask = 2147483647;
			files = (
				8827CA9A1325732D00B27E1B /* NSFileManager_Additions.m in Sources */,
				8827CA9F1325733B00B27E1B /* NSSet_Additions.m in Sources */,
				8827CAA51325734800B27E1B /* PathController.m in Sources */,
				8827CAAB1325735500B27E1B /* PathMetadata.m in Sources */,
				8827CAC11325737900B27E1B /* DeleteLocalPathOperation.m in Sources */,
				8827CAC31325737900B27E1B /* DeletePathOperation.m in Sources */,
				8827CAC51325737900B27E1B /* FolderSyncPathOperation.m in Sources */,
				8827CAC71325737900B27E1B /* GetPathOperation.m in Sources */,
				8827CAC91325737900B27E1B /* PathOperation.m in Sources */,
				8827CACB1325737900B27E1B /* PutPathOperation.m in Sources */,
				8827CADD132573FF00B27E1B /* PathMetadata.xcdatamodeld in Sources */,
			);
			runOnlyForDeploymentPostprocessing = 0;
		};
/* End PBXSourcesBuildPhase section */

/* Begin XCBuildConfiguration section */
		1DEB921F08733DC00010E9CD /* Debug */ = {
			isa = XCBuildConfiguration;
			buildSettings = {
				ALWAYS_SEARCH_USER_PATHS = NO;
				ARCHS = "$(ARCHS_STANDARD_32_BIT)";
				COPY_PHASE_STRIP = NO;
				DSTROOT = /tmp/DropboxSync.dst;
				FRAMEWORK_SEARCH_PATHS = (
					"$(inherited)",
					"\"$(SRCROOT)\"",
				);
				GCC_DYNAMIC_NO_PIC = NO;
				GCC_MODEL_TUNING = G5;
				GCC_OPTIMIZATION_LEVEL = 0;
				GCC_PRECOMPILE_PREFIX_HEADER = YES;
				GCC_PREFIX_HEADER = Source/DropboxSync_Prefix.pch;
				INSTALL_PATH = /usr/local/lib;
				PRODUCT_NAME = DropboxSync;
			};
			name = Debug;
		};
		1DEB922008733DC00010E9CD /* Release */ = {
			isa = XCBuildConfiguration;
			buildSettings = {
				ALWAYS_SEARCH_USER_PATHS = NO;
				ARCHS = "$(ARCHS_STANDARD_32_BIT)";
				DSTROOT = /tmp/DropboxSync.dst;
				FRAMEWORK_SEARCH_PATHS = (
					"$(inherited)",
					"\"$(SRCROOT)\"",
				);
				GCC_MODEL_TUNING = G5;
				GCC_PRECOMPILE_PREFIX_HEADER = YES;
				GCC_PREFIX_HEADER = Source/DropboxSync_Prefix.pch;
				INSTALL_PATH = /usr/local/lib;
				PRODUCT_NAME = DropboxSync;
			};
			name = Release;
		};
		1DEB922308733DC00010E9CD /* Debug */ = {
			isa = XCBuildConfiguration;
			buildSettings = {
				ARCHS = "$(ARCHS_STANDARD_32_BIT)";
				GCC_C_LANGUAGE_STANDARD = c99;
				GCC_OPTIMIZATION_LEVEL = 0;
				GCC_WARN_ABOUT_RETURN_TYPE = YES;
				GCC_WARN_UNUSED_VARIABLE = YES;
				OTHER_LDFLAGS = "-ObjC";
				SDKROOT = iphoneos;
			};
			name = Debug;
		};
		1DEB922408733DC00010E9CD /* Release */ = {
			isa = XCBuildConfiguration;
			buildSettings = {
				ARCHS = "$(ARCHS_STANDARD_32_BIT)";
				GCC_C_LANGUAGE_STANDARD = c99;
				GCC_WARN_ABOUT_RETURN_TYPE = YES;
				GCC_WARN_UNUSED_VARIABLE = YES;
				OTHER_LDFLAGS = "-ObjC";
				SDKROOT = iphoneos;
			};
			name = Release;
		};
		C5ACA5AF1320D0F5000502D1 /* Debug */ = {
			isa = XCBuildConfiguration;
			buildSettings = {
				ALWAYS_SEARCH_USER_PATHS = NO;
				CODE_SIGN_IDENTITY = "iPhone Developer";
				COPY_PHASE_STRIP = NO;
				FRAMEWORK_SEARCH_PATHS = (
					"$(inherited)",
					"\"$(SRCROOT)/Tests\"",
					"\"$(SRCROOT)\"",
				);
				GCC_DYNAMIC_NO_PIC = NO;
				GCC_OPTIMIZATION_LEVEL = 0;
				GCC_PRECOMPILE_PREFIX_HEADER = YES;
				GCC_PREFIX_HEADER = Source/DropboxSync_Prefix.pch;
				INFOPLIST_FILE = "Tests/Tests-Info.plist";
				INSTALL_PATH = "$(HOME)/Applications";
				OTHER_LDFLAGS = (
					"-framework",
					Foundation,
					"-framework",
					UIKit,
					"-ObjC",
					"-all_load",
				);
				PRODUCT_NAME = Tests;
				SDKROOT = iphoneos;
				TARGETED_DEVICE_FAMILY = "1,2";
			};
			name = Debug;
		};
		C5ACA5B01320D0F5000502D1 /* Release */ = {
			isa = XCBuildConfiguration;
			buildSettings = {
				ALWAYS_SEARCH_USER_PATHS = NO;
				CODE_SIGN_IDENTITY = "iPhone Developer";
				COPY_PHASE_STRIP = YES;
				DEBUG_INFORMATION_FORMAT = "dwarf-with-dsym";
				FRAMEWORK_SEARCH_PATHS = (
					"$(inherited)",
					"\"$(SRCROOT)/Tests\"",
					"\"$(SRCROOT)\"",
				);
				GCC_PRECOMPILE_PREFIX_HEADER = YES;
				GCC_PREFIX_HEADER = Source/DropboxSync_Prefix.pch;
				INFOPLIST_FILE = "Tests/Tests-Info.plist";
				INSTALL_PATH = "$(HOME)/Applications";
				OTHER_LDFLAGS = (
					"-framework",
					Foundation,
					"-framework",
					UIKit,
				);
				PRODUCT_NAME = Tests;
				SDKROOT = iphoneos;
				ZERO_LINK = NO;
			};
			name = Release;
		};
/* End XCBuildConfiguration section */

/* Begin XCConfigurationList section */
		1DEB921E08733DC00010E9CD /* Build configuration list for PBXNativeTarget "DropboxSync" */ = {
			isa = XCConfigurationList;
			buildConfigurations = (
				1DEB921F08733DC00010E9CD /* Debug */,
				1DEB922008733DC00010E9CD /* Release */,
			);
			defaultConfigurationIsVisible = 0;
			defaultConfigurationName = Release;
		};
		1DEB922208733DC00010E9CD /* Build configuration list for PBXProject "DropboxSync" */ = {
			isa = XCConfigurationList;
			buildConfigurations = (
				1DEB922308733DC00010E9CD /* Debug */,
				1DEB922408733DC00010E9CD /* Release */,
			);
			defaultConfigurationIsVisible = 0;
			defaultConfigurationName = Release;
		};
		C5ACA5B21320D113000502D1 /* Build configuration list for PBXNativeTarget "Tests" */ = {
			isa = XCConfigurationList;
			buildConfigurations = (
				C5ACA5AF1320D0F5000502D1 /* Debug */,
				C5ACA5B01320D0F5000502D1 /* Release */,
			);
			defaultConfigurationIsVisible = 0;
			defaultConfigurationName = Release;
		};
/* End XCConfigurationList section */

/* Begin XCVersionGroup section */
		8827CADA132573FF00B27E1B /* PathMetadata.xcdatamodeld */ = {
			isa = XCVersionGroup;
			children = (
				8827CADB132573FF00B27E1B /* PathMetadata.xcdatamodel */,
			);
			currentVersion = 8827CADB132573FF00B27E1B /* PathMetadata.xcdatamodel */;
			name = PathMetadata.xcdatamodeld;
			path = Source/PathMetadata.xcdatamodeld;
			sourceTree = "<group>";
			versionGroupType = wrapper.xcdatamodel;
		};
/* End XCVersionGroup section */
	};
	rootObject = 0867D690FE84028FC02AAC07 /* Project object */;
}
